// !$*UTF8*$!
{
	archiveVersion = 1;
	classes = {
	};
	objectVersion = 48;
	objects = {

/* Begin PBXBuildFile section */
		732078992068DCC800F43EB9 /* AppDelegate.m in Sources */ = {isa = PBXBuildFile; fileRef = 732078982068DCC800F43EB9 /* AppDelegate.m */; };
		7320789C2068DCC800F43EB9 /* ViewController.m in Sources */ = {isa = PBXBuildFile; fileRef = 7320789B2068DCC800F43EB9 /* ViewController.m */; };
		7320789F2068DCC800F43EB9 /* Main.storyboard in Resources */ = {isa = PBXBuildFile; fileRef = 7320789D2068DCC800F43EB9 /* Main.storyboard */; };
		732078A12068DCC800F43EB9 /* Assets.xcassets in Resources */ = {isa = PBXBuildFile; fileRef = 732078A02068DCC800F43EB9 /* Assets.xcassets */; };
		732078A42068DCC800F43EB9 /* LaunchScreen.storyboard in Resources */ = {isa = PBXBuildFile; fileRef = 732078A22068DCC800F43EB9 /* LaunchScreen.storyboard */; };
		732078A72068DCC800F43EB9 /* main.m in Sources */ = {isa = PBXBuildFile; fileRef = 732078A62068DCC800F43EB9 /* main.m */; };
		732078B12068DCC900F43EB9 /* iOSTestTests.m in Sources */ = {isa = PBXBuildFile; fileRef = 732078B02068DCC900F43EB9 /* iOSTestTests.m */; };
		732078BC2068DCC900F43EB9 /* iOSTestUITests.m in Sources */ = {isa = PBXBuildFile; fileRef = 732078BB2068DCC900F43EB9 /* iOSTestUITests.m */; };
/* End PBXBuildFile section */

/* Begin PBXContainerItemProxy section */
		732078AD2068DCC900F43EB9 /* PBXContainerItemProxy */ = {
			isa = PBXContainerItemProxy;
			containerPortal = 7320788C2068DCC800F43EB9 /* Project object */;
			proxyType = 1;
			remoteGlobalIDString = 732078932068DCC800F43EB9;
			remoteInfo = iOSTest;
		};
		732078B82068DCC900F43EB9 /* PBXContainerItemProxy */ = {
			isa = PBXContainerItemProxy;
			containerPortal = 7320788C2068DCC800F43EB9 /* Project object */;
			proxyType = 1;
			remoteGlobalIDString = 732078932068DCC800F43EB9;
			remoteInfo = iOSTest;
		};
/* End PBXContainerItemProxy section */

/* Begin PBXFileReference section */
		732078942068DCC800F43EB9 /* iOSTest.app */ = {isa = PBXFileReference; explicitFileType = wrapper.application; includeInIndex = 0; path = iOSTest.app; sourceTree = BUILT_PRODUCTS_DIR; };
		732078972068DCC800F43EB9 /* AppDelegate.h */ = {isa = PBXFileReference; lastKnownFileType = sourcecode.c.h; path = AppDelegate.h; sourceTree = "<group>"; };
		732078982068DCC800F43EB9 /* AppDelegate.m */ = {isa = PBXFileReference; lastKnownFileType = sourcecode.c.objc; path = AppDelegate.m; sourceTree = "<group>"; };
		7320789A2068DCC800F43EB9 /* ViewController.h */ = {isa = PBXFileReference; lastKnownFileType = sourcecode.c.h; path = ViewController.h; sourceTree = "<group>"; };
		7320789B2068DCC800F43EB9 /* ViewController.m */ = {isa = PBXFileReference; lastKnownFileType = sourcecode.c.objc; path = ViewController.m; sourceTree = "<group>"; };
		7320789E2068DCC800F43EB9 /* Base */ = {isa = PBXFileReference; lastKnownFileType = file.storyboard; name = Base; path = Base.lproj/Main.storyboard; sourceTree = "<group>"; };
		732078A02068DCC800F43EB9 /* Assets.xcassets */ = {isa = PBXFileReference; lastKnownFileType = folder.assetcatalog; path = Assets.xcassets; sourceTree = "<group>"; };
		732078A32068DCC800F43EB9 /* Base */ = {isa = PBXFileReference; lastKnownFileType = file.storyboard; name = Base; path = Base.lproj/LaunchScreen.storyboard; sourceTree = "<group>"; };
		732078A52068DCC800F43EB9 /* Info.plist */ = {isa = PBXFileReference; lastKnownFileType = text.plist.xml; path = Info.plist; sourceTree = "<group>"; };
		732078A62068DCC800F43EB9 /* main.m */ = {isa = PBXFileReference; lastKnownFileType = sourcecode.c.objc; path = main.m; sourceTree = "<group>"; };
		732078AC2068DCC900F43EB9 /* iOSTestTests.xctest */ = {isa = PBXFileReference; explicitFileType = wrapper.cfbundle; includeInIndex = 0; path = iOSTestTests.xctest; sourceTree = BUILT_PRODUCTS_DIR; };
		732078B02068DCC900F43EB9 /* iOSTestTests.m */ = {isa = PBXFileReference; lastKnownFileType = sourcecode.c.objc; path = iOSTestTests.m; sourceTree = "<group>"; };
		732078B22068DCC900F43EB9 /* Info.plist */ = {isa = PBXFileReference; lastKnownFileType = text.plist.xml; path = Info.plist; sourceTree = "<group>"; };
		732078B72068DCC900F43EB9 /* iOSTestUITests.xctest */ = {isa = PBXFileReference; explicitFileType = wrapper.cfbundle; includeInIndex = 0; path = iOSTestUITests.xctest; sourceTree = BUILT_PRODUCTS_DIR; };
		732078BB2068DCC900F43EB9 /* iOSTestUITests.m */ = {isa = PBXFileReference; lastKnownFileType = sourcecode.c.objc; path = iOSTestUITests.m; sourceTree = "<group>"; };
		732078BD2068DCC900F43EB9 /* Info.plist */ = {isa = PBXFileReference; lastKnownFileType = text.plist.xml; path = Info.plist; sourceTree = "<group>"; };
/* End PBXFileReference section */

/* Begin PBXFrameworksBuildPhase section */
		732078912068DCC800F43EB9 /* Frameworks */ = {
			isa = PBXFrameworksBuildPhase;
			buildActionMask = 2147483647;
			files = (
			);
			runOnlyForDeploymentPostprocessing = 0;
		};
		732078A92068DCC900F43EB9 /* Frameworks */ = {
			isa = PBXFrameworksBuildPhase;
			buildActionMask = 2147483647;
			files = (
			);
			runOnlyForDeploymentPostprocessing = 0;
		};
		732078B42068DCC900F43EB9 /* Frameworks */ = {
			isa = PBXFrameworksBuildPhase;
			buildActionMask = 2147483647;
			files = (
			);
			runOnlyForDeploymentPostprocessing = 0;
		};
/* End PBXFrameworksBuildPhase section */

/* Begin PBXGroup section */
		7320788B2068DCC800F43EB9 = {
			isa = PBXGroup;
			children = (
				732078962068DCC800F43EB9 /* iOSTest */,
				732078AF2068DCC900F43EB9 /* iOSTestTests */,
				732078BA2068DCC900F43EB9 /* iOSTestUITests */,
				732078952068DCC800F43EB9 /* Products */,
			);
			sourceTree = "<group>";
		};
		732078952068DCC800F43EB9 /* Products */ = {
			isa = PBXGroup;
			children = (
				732078942068DCC800F43EB9 /* iOSTest.app */,
				732078AC2068DCC900F43EB9 /* iOSTestTests.xctest */,
				732078B72068DCC900F43EB9 /* iOSTestUITests.xctest */,
			);
			name = Products;
			sourceTree = "<group>";
		};
		732078962068DCC800F43EB9 /* iOSTest */ = {
			isa = PBXGroup;
			children = (
				732078972068DCC800F43EB9 /* AppDelegate.h */,
				732078982068DCC800F43EB9 /* AppDelegate.m */,
				7320789A2068DCC800F43EB9 /* ViewController.h */,
				7320789B2068DCC800F43EB9 /* ViewController.m */,
				7320789D2068DCC800F43EB9 /* Main.storyboard */,
				732078A02068DCC800F43EB9 /* Assets.xcassets */,
				732078A22068DCC800F43EB9 /* LaunchScreen.storyboard */,
				732078A52068DCC800F43EB9 /* Info.plist */,
				732078A62068DCC800F43EB9 /* main.m */,
			);
			path = iOSTest;
			sourceTree = "<group>";
		};
		732078AF2068DCC900F43EB9 /* iOSTestTests */ = {
			isa = PBXGroup;
			children = (
				732078B02068DCC900F43EB9 /* iOSTestTests.m */,
				732078B22068DCC900F43EB9 /* Info.plist */,
			);
			path = iOSTestTests;
			sourceTree = "<group>";
		};
		732078BA2068DCC900F43EB9 /* iOSTestUITests */ = {
			isa = PBXGroup;
			children = (
				732078BB2068DCC900F43EB9 /* iOSTestUITests.m */,
				732078BD2068DCC900F43EB9 /* Info.plist */,
			);
			path = iOSTestUITests;
			sourceTree = "<group>";
		};
/* End PBXGroup section */

/* Begin PBXNativeTarget section */
		732078932068DCC800F43EB9 /* iOSTest */ = {
			isa = PBXNativeTarget;
			buildConfigurationList = 732078C02068DCC900F43EB9 /* Build configuration list for PBXNativeTarget "iOSTest" */;
			buildPhases = (
				732078902068DCC800F43EB9 /* Sources */,
				732078912068DCC800F43EB9 /* Frameworks */,
				732078922068DCC800F43EB9 /* Resources */,
			);
			buildRules = (
			);
			dependencies = (
			);
			name = iOSTest;
			productName = iOSTest;
			productReference = 732078942068DCC800F43EB9 /* iOSTest.app */;
			productType = "com.apple.product-type.application";
		};
		732078AB2068DCC900F43EB9 /* iOSTestTests */ = {
			isa = PBXNativeTarget;
			buildConfigurationList = 732078C32068DCC900F43EB9 /* Build configuration list for PBXNativeTarget "iOSTestTests" */;
			buildPhases = (
				732078A82068DCC900F43EB9 /* Sources */,
				732078A92068DCC900F43EB9 /* Frameworks */,
				732078AA2068DCC900F43EB9 /* Resources */,
			);
			buildRules = (
			);
			dependencies = (
				732078AE2068DCC900F43EB9 /* PBXTargetDependency */,
			);
			name = iOSTestTests;
			productName = iOSTestTests;
			productReference = 732078AC2068DCC900F43EB9 /* iOSTestTests.xctest */;
			productType = "com.apple.product-type.bundle.unit-test";
		};
		732078B62068DCC900F43EB9 /* iOSTestUITests */ = {
			isa = PBXNativeTarget;
			buildConfigurationList = 732078C62068DCC900F43EB9 /* Build configuration list for PBXNativeTarget "iOSTestUITests" */;
			buildPhases = (
				732078B32068DCC900F43EB9 /* Sources */,
				732078B42068DCC900F43EB9 /* Frameworks */,
				732078B52068DCC900F43EB9 /* Resources */,
			);
			buildRules = (
			);
			dependencies = (
				732078B92068DCC900F43EB9 /* PBXTargetDependency */,
			);
			name = iOSTestUITests;
			productName = iOSTestUITests;
			productReference = 732078B72068DCC900F43EB9 /* iOSTestUITests.xctest */;
			productType = "com.apple.product-type.bundle.ui-testing";
		};
/* End PBXNativeTarget section */

/* Begin PBXProject section */
		7320788C2068DCC800F43EB9 /* Project object */ = {
			isa = PBXProject;
			attributes = {
				LastUpgradeCheck = 0920;
				ORGANIZATIONNAME = dxw;
				TargetAttributes = {
					732078932068DCC800F43EB9 = {
						CreatedOnToolsVersion = 9.2;
						ProvisioningStyle = Automatic;
					};
					732078AB2068DCC900F43EB9 = {
						CreatedOnToolsVersion = 9.2;
						ProvisioningStyle = Automatic;
						TestTargetID = 732078932068DCC800F43EB9;
					};
					732078B62068DCC900F43EB9 = {
						CreatedOnToolsVersion = 9.2;
						ProvisioningStyle = Automatic;
						TestTargetID = 732078932068DCC800F43EB9;
					};
				};
			};
			buildConfigurationList = 7320788F2068DCC800F43EB9 /* Build configuration list for PBXProject "iOSTest" */;
			compatibilityVersion = "Xcode 8.0";
			developmentRegion = en;
			hasScannedForEncodings = 0;
			knownRegions = (
				en,
				Base,
			);
			mainGroup = 7320788B2068DCC800F43EB9;
			productRefGroup = 732078952068DCC800F43EB9 /* Products */;
			projectDirPath = "";
			projectRoot = "";
			targets = (
				732078932068DCC800F43EB9 /* iOSTest */,
				732078AB2068DCC900F43EB9 /* iOSTestTests */,
				732078B62068DCC900F43EB9 /* iOSTestUITests */,
			);
		};
/* End PBXProject section */

/* Begin PBXResourcesBuildPhase section */
		732078922068DCC800F43EB9 /* Resources */ = {
			isa = PBXResourcesBuildPhase;
			buildActionMask = 2147483647;
			files = (
				732078A42068DCC800F43EB9 /* LaunchScreen.storyboard in Resources */,
				732078A12068DCC800F43EB9 /* Assets.xcassets in Resources */,
				7320789F2068DCC800F43EB9 /* Main.storyboard in Resources */,
			);
			runOnlyForDeploymentPostprocessing = 0;
		};
		732078AA2068DCC900F43EB9 /* Resources */ = {
			isa = PBXResourcesBuildPhase;
			buildActionMask = 2147483647;
			files = (
			);
			runOnlyForDeploymentPostprocessing = 0;
		};
		732078B52068DCC900F43EB9 /* Resources */ = {
			isa = PBXResourcesBuildPhase;
			buildActionMask = 2147483647;
			files = (
			);
			runOnlyForDeploymentPostprocessing = 0;
		};
/* End PBXResourcesBuildPhase section */

/* Begin PBXSourcesBuildPhase section */
		732078902068DCC800F43EB9 /* Sources */ = {
			isa = PBXSourcesBuildPhase;
			buildActionMask = 2147483647;
			files = (
				7320789C2068DCC800F43EB9 /* ViewController.m in Sources */,
				732078A72068DCC800F43EB9 /* main.m in Sources */,
				732078992068DCC800F43EB9 /* AppDelegate.m in Sources */,
			);
			runOnlyForDeploymentPostprocessing = 0;
		};
		732078A82068DCC900F43EB9 /* Sources */ = {
			isa = PBXSourcesBuildPhase;
			buildActionMask = 2147483647;
			files = (
				732078B12068DCC900F43EB9 /* iOSTestTests.m in Sources */,
			);
			runOnlyForDeploymentPostprocessing = 0;
		};
		732078B32068DCC900F43EB9 /* Sources */ = {
			isa = PBXSourcesBuildPhase;
			buildActionMask = 2147483647;
			files = (
				732078BC2068DCC900F43EB9 /* iOSTestUITests.m in Sources */,
			);
			runOnlyForDeploymentPostprocessing = 0;
		};
/* End PBXSourcesBuildPhase section */

/* Begin PBXTargetDependency section */
		732078AE2068DCC900F43EB9 /* PBXTargetDependency */ = {
			isa = PBXTargetDependency;
			target = 732078932068DCC800F43EB9 /* iOSTest */;
			targetProxy = 732078AD2068DCC900F43EB9 /* PBXContainerItemProxy */;
		};
		732078B92068DCC900F43EB9 /* PBXTargetDependency */ = {
			isa = PBXTargetDependency;
			target = 732078932068DCC800F43EB9 /* iOSTest */;
			targetProxy = 732078B82068DCC900F43EB9 /* PBXContainerItemProxy */;
		};
/* End PBXTargetDependency section */

/* Begin PBXVariantGroup section */
		7320789D2068DCC800F43EB9 /* Main.storyboard */ = {
			isa = PBXVariantGroup;
			children = (
				7320789E2068DCC800F43EB9 /* Base */,
			);
			name = Main.storyboard;
			sourceTree = "<group>";
		};
		732078A22068DCC800F43EB9 /* LaunchScreen.storyboard */ = {
			isa = PBXVariantGroup;
			children = (
				732078A32068DCC800F43EB9 /* Base */,
			);
			name = LaunchScreen.storyboard;
			sourceTree = "<group>";
		};
/* End PBXVariantGroup section */

/* Begin XCBuildConfiguration section */
		732078BE2068DCC900F43EB9 /* Debug */ = {
			isa = XCBuildConfiguration;
			buildSettings = {
				ALWAYS_SEARCH_USER_PATHS = NO;
				CLANG_ANALYZER_NONNULL = YES;
				CLANG_ANALYZER_NUMBER_OBJECT_CONVERSION = YES_AGGRESSIVE;
				CLANG_CXX_LANGUAGE_STANDARD = "gnu++14";
				CLANG_CXX_LIBRARY = "libc++";
				CLANG_ENABLE_MODULES = YES;
				CLANG_ENABLE_OBJC_ARC = YES;
				CLANG_WARN_BLOCK_CAPTURE_AUTORELEASING = YES;
				CLANG_WARN_BOOL_CONVERSION = YES;
				CLANG_WARN_COMMA = YES;
				CLANG_WARN_CONSTANT_CONVERSION = YES;
				CLANG_WARN_DIRECT_OBJC_ISA_USAGE = YES_ERROR;
				CLANG_WARN_DOCUMENTATION_COMMENTS = YES;
				CLANG_WARN_EMPTY_BODY = YES;
				CLANG_WARN_ENUM_CONVERSION = YES;
				CLANG_WARN_INFINITE_RECURSION = YES;
				CLANG_WARN_INT_CONVERSION = YES;
				CLANG_WARN_NON_LITERAL_NULL_CONVERSION = YES;
				CLANG_WARN_OBJC_LITERAL_CONVERSION = YES;
				CLANG_WARN_OBJC_ROOT_CLASS = YES_ERROR;
				CLANG_WARN_RANGE_LOOP_ANALYSIS = YES;
				CLANG_WARN_STRICT_PROTOTYPES = YES;
				CLANG_WARN_SUSPICIOUS_MOVE = YES;
				CLANG_WARN_UNGUARDED_AVAILABILITY = YES_AGGRESSIVE;
				CLANG_WARN_UNREACHABLE_CODE = YES;
				CLANG_WARN__DUPLICATE_METHOD_MATCH = YES;
				CODE_SIGN_IDENTITY = "iPhone Developer";
				COPY_PHASE_STRIP = NO;
				DEBUG_INFORMATION_FORMAT = dwarf;
				ENABLE_STRICT_OBJC_MSGSEND = YES;
				ENABLE_TESTABILITY = YES;
				GCC_C_LANGUAGE_STANDARD = gnu11;
				GCC_DYNAMIC_NO_PIC = NO;
				GCC_NO_COMMON_BLOCKS = YES;
				GCC_OPTIMIZATION_LEVEL = 0;
				GCC_PREPROCESSOR_DEFINITIONS = (
					"DEBUG=1",
					"$(inherited)",
				);
				GCC_WARN_64_TO_32_BIT_CONVERSION = YES;
				GCC_WARN_ABOUT_RETURN_TYPE = YES_ERROR;
				GCC_WARN_UNDECLARED_SELECTOR = YES;
				GCC_WARN_UNINITIALIZED_AUTOS = YES_AGGRESSIVE;
				GCC_WARN_UNUSED_FUNCTION = YES;
				GCC_WARN_UNUSED_VARIABLE = YES;
				IPHONEOS_DEPLOYMENT_TARGET = 11.2;
				MTL_ENABLE_DEBUG_INFO = YES;
				ONLY_ACTIVE_ARCH = YES;
				SDKROOT = iphoneos;
			};
			name = Debug;
		};
		732078BF2068DCC900F43EB9 /* Release */ = {
			isa = XCBuildConfiguration;
			buildSettings = {
				ALWAYS_SEARCH_USER_PATHS = NO;
				CLANG_ANALYZER_NONNULL = YES;
				CLANG_ANALYZER_NUMBER_OBJECT_CONVERSION = YES_AGGRESSIVE;
				CLANG_CXX_LANGUAGE_STANDARD = "gnu++14";
				CLANG_CXX_LIBRARY = "libc++";
				CLANG_ENABLE_MODULES = YES;
				CLANG_ENABLE_OBJC_ARC = YES;
				CLANG_WARN_BLOCK_CAPTURE_AUTORELEASING = YES;
				CLANG_WARN_BOOL_CONVERSION = YES;
				CLANG_WARN_COMMA = YES;
				CLANG_WARN_CONSTANT_CONVERSION = YES;
				CLANG_WARN_DIRECT_OBJC_ISA_USAGE = YES_ERROR;
				CLANG_WARN_DOCUMENTATION_COMMENTS = YES;
				CLANG_WARN_EMPTY_BODY = YES;
				CLANG_WARN_ENUM_CONVERSION = YES;
				CLANG_WARN_INFINITE_RECURSION = YES;
				CLANG_WARN_INT_CONVERSION = YES;
				CLANG_WARN_NON_LITERAL_NULL_CONVERSION = YES;
				CLANG_WARN_OBJC_LITERAL_CONVERSION = YES;
				CLANG_WARN_OBJC_ROOT_CLASS = YES_ERROR;
				CLANG_WARN_RANGE_LOOP_ANALYSIS = YES;
				CLANG_WARN_STRICT_PROTOTYPES = YES;
				CLANG_WARN_SUSPICIOUS_MOVE = YES;
				CLANG_WARN_UNGUARDED_AVAILABILITY = YES_AGGRESSIVE;
				CLANG_WARN_UNREACHABLE_CODE = YES;
				CLANG_WARN__DUPLICATE_METHOD_MATCH = YES;
				CODE_SIGN_IDENTITY = "iPhone Developer";
				COPY_PHASE_STRIP = NO;
				DEBUG_INFORMATION_FORMAT = "dwarf-with-dsym";
				ENABLE_NS_ASSERTIONS = NO;
				ENABLE_STRICT_OBJC_MSGSEND = YES;
				GCC_C_LANGUAGE_STANDARD = gnu11;
				GCC_NO_COMMON_BLOCKS = YES;
				GCC_WARN_64_TO_32_BIT_CONVERSION = YES;
				GCC_WARN_ABOUT_RETURN_TYPE = YES_ERROR;
				GCC_WARN_UNDECLARED_SELECTOR = YES;
				GCC_WARN_UNINITIALIZED_AUTOS = YES_AGGRESSIVE;
				GCC_WARN_UNUSED_FUNCTION = YES;
				GCC_WARN_UNUSED_VARIABLE = YES;
				IPHONEOS_DEPLOYMENT_TARGET = 11.2;
				MTL_ENABLE_DEBUG_INFO = NO;
				SDKROOT = iphoneos;
				VALIDATE_PRODUCT = YES;
			};
			name = Release;
		};
		732078C12068DCC900F43EB9 /* Debug */ = {
			isa = XCBuildConfiguration;
			buildSettings = {
				ASSETCATALOG_COMPILER_APPICON_NAME = AppIcon;
				CODE_SIGN_STYLE = Automatic;
				DEVELOPMENT_TEAM = K4LJN2BQ66;
				INFOPLIST_FILE = iOSTest/Info.plist;
				LD_RUNPATH_SEARCH_PATHS = "$(inherited) @executable_path/Frameworks";
				PRODUCT_BUNDLE_IDENTIFIER = com.dxw.iOSTest;
				PRODUCT_NAME = "$(TARGET_NAME)";
				TARGETED_DEVICE_FAMILY = "1,2";
			};
			name = Debug;
		};
		732078C22068DCC900F43EB9 /* Release */ = {
			isa = XCBuildConfiguration;
			buildSettings = {
				ASSETCATALOG_COMPILER_APPICON_NAME = AppIcon;
				CODE_SIGN_STYLE = Automatic;
				DEVELOPMENT_TEAM = K4LJN2BQ66;
				INFOPLIST_FILE = iOSTest/Info.plist;
				LD_RUNPATH_SEARCH_PATHS = "$(inherited) @executable_path/Frameworks";
				PRODUCT_BUNDLE_IDENTIFIER = com.dxw.iOSTest;
				PRODUCT_NAME = "$(TARGET_NAME)";
				TARGETED_DEVICE_FAMILY = "1,2";
			};
			name = Release;
		};
		732078C42068DCC900F43EB9 /* Debug */ = {
			isa = XCBuildConfiguration;
			buildSettings = {
				BUNDLE_LOADER = "$(TEST_HOST)";
				CODE_SIGN_STYLE = Automatic;
				DEVELOPMENT_TEAM = K4LJN2BQ66;
				INFOPLIST_FILE = iOSTestTests/Info.plist;
				LD_RUNPATH_SEARCH_PATHS = "$(inherited) @executable_path/Frameworks @loader_path/Frameworks";
				PRODUCT_BUNDLE_IDENTIFIER = com.dxw.iOSTestTests;
				PRODUCT_NAME = "$(TARGET_NAME)";
				TARGETED_DEVICE_FAMILY = "1,2";
				TEST_HOST = "$(BUILT_PRODUCTS_DIR)/iOSTest.app/iOSTest";
			};
			name = Debug;
		};
		732078C52068DCC900F43EB9 /* Release */ = {
			isa = XCBuildConfiguration;
			buildSettings = {
				BUNDLE_LOADER = "$(TEST_HOST)";
				CODE_SIGN_STYLE = Automatic;
				DEVELOPMENT_TEAM = K4LJN2BQ66;
				INFOPLIST_FILE = iOSTestTests/Info.plist;
				LD_RUNPATH_SEARCH_PATHS = "$(inherited) @executable_path/Frameworks @loader_path/Frameworks";
				PRODUCT_BUNDLE_IDENTIFIER = com.dxw.iOSTestTests;
				PRODUCT_NAME = "$(TARGET_NAME)";
				TARGETED_DEVICE_FAMILY = "1,2";
				TEST_HOST = "$(BUILT_PRODUCTS_DIR)/iOSTest.app/iOSTest";
			};
			name = Release;
		};
		732078C72068DCC900F43EB9 /* Debug */ = {
			isa = XCBuildConfiguration;
			buildSettings = {
				CODE_SIGN_STYLE = Automatic;
				DEVELOPMENT_TEAM = K4LJN2BQ66;
				INFOPLIST_FILE = iOSTestUITests/Info.plist;
				LD_RUNPATH_SEARCH_PATHS = "$(inherited) @executable_path/Frameworks @loader_path/Frameworks";
				PRODUCT_BUNDLE_IDENTIFIER = com.dxw.iOSTestUITests;
				PRODUCT_NAME = "$(TARGET_NAME)";
				TARGETED_DEVICE_FAMILY = "1,2";
				TEST_TARGET_NAME = iOSTest;
			};
			name = Debug;
		};
		732078C82068DCC900F43EB9 /* Release */ = {
			isa = XCBuildConfiguration;
			buildSettings = {
				CODE_SIGN_STYLE = Automatic;
				DEVELOPMENT_TEAM = K4LJN2BQ66;
				INFOPLIST_FILE = iOSTestUITests/Info.plist;
				LD_RUNPATH_SEARCH_PATHS = "$(inherited) @executable_path/Frameworks @loader_path/Frameworks";
				PRODUCT_BUNDLE_IDENTIFIER = com.dxw.iOSTestUITests;
				PRODUCT_NAME = "$(TARGET_NAME)";
				TARGETED_DEVICE_FAMILY = "1,2";
				TEST_TARGET_NAME = iOSTest;
			};
			name = Release;
		};
/* End XCBuildConfiguration section */

/* Begin XCConfigurationList section */
		7320788F2068DCC800F43EB9 /* Build configuration list for PBXProject "iOSTest" */ = {
			isa = XCConfigurationList;
			buildConfigurations = (
				732078BE2068DCC900F43EB9 /* Debug */,
				732078BF2068DCC900F43EB9 /* Release */,
			);
			defaultConfigurationIsVisible = 0;
			defaultConfigurationName = Release;
		};
		732078C02068DCC900F43EB9 /* Build configuration list for PBXNativeTarget "iOSTest" */ = {
			isa = XCConfigurationList;
			buildConfigurations = (
				732078C12068DCC900F43EB9 /* Debug */,
				732078C22068DCC900F43EB9 /* Release */,
			);
			defaultConfigurationIsVisible = 0;
			defaultConfigurationName = Release;
		};
		732078C32068DCC900F43EB9 /* Build configuration list for PBXNativeTarget "iOSTestTests" */ = {
			isa = XCConfigurationList;
			buildConfigurations = (
				732078C42068DCC900F43EB9 /* Debug */,
				732078C52068DCC900F43EB9 /* Release */,
			);
			defaultConfigurationIsVisible = 0;
			defaultConfigurationName = Release;
		};
		732078C62068DCC900F43EB9 /* Build configuration list for PBXNativeTarget "iOSTestUITests" */ = {
			isa = XCConfigurationList;
			buildConfigurations = (
				732078C72068DCC900F43EB9 /* Debug */,
				732078C82068DCC900F43EB9 /* Release */,
			);
			defaultConfigurationIsVisible = 0;
			defaultConfigurationName = Release;
		};
/* End XCConfigurationList section */
	};
	rootObject = 7320788C2068DCC800F43EB9 /* Project object */;
}
